
Microsoft Visual Studio Solution File, Format Version 12.00
Project("{FAE04EC0-301F-11D3-BF4B-00C04F79EFBC}") = "WebApplication1", "src\WebApplication1\WebApplication1.csproj", "{A779F248-5EC3-4F93-84CC-848CC7E68EC2}"
EndProject
Project("{2150E333-8FDC-42A3-9474-1A3956D46DE8}") = "src", "src", "{B3C5018D-4727-4AC0-9BED-CCAC4044DBF8}"
EndProject
Project("{2150E333-8FDC-42A3-9474-1A3956D46DE8}") = "tests", "tests", "{C4C42E03-1210-442C-A9F5-B02AB27220E9}"
EndProject
Project("{2150E333-8FDC-42A3-9474-1A3956D46DE8}") = "docker", "docker", "{C104FA0F-BDF9-488C-A793-D354258F4A57}"
EndProject
Global
	GlobalSection(SolutionConfigurationPlatforms) = preSolution
		Debug|Any CPU = Debug|Any CPU
		Release|Any CPU = Release|Any CPU
	EndGlobalSection
	GlobalSection(ProjectConfigurationPlatforms) = postSolution
		{A779F248-5EC3-4F93-84CC-848CC7E68EC2}.Debug|Any CPU.ActiveCfg = Debug|Any CPU
		{A779F248-5EC3-4F93-84CC-848CC7E68EC2}.Debug|Any CPU.Build.0 = Debug|Any CPU
		{A779F248-5EC3-4F93-84CC-848CC7E68EC2}.Release|Any CPU.ActiveCfg = Release|Any CPU
		{A779F248-5EC3-4F93-84CC-848CC7E68EC2}.Release|Any CPU.Build.0 = Release|Any CPU
	EndGlobalSection
	GlobalSection(NestedProjects) = preSolution
		{A779F248-5EC3-4F93-84CC-848CC7E68EC2} = {B3C5018D-4727-4AC0-9BED-CCAC4044DBF8}
	EndGlobalSection
EndGlobal
